
Microsoft Visual Studio Solution File, Format Version 12.00
# Visual Studio Version 17
VisualStudioVersion = 17.8.34408.163
MinimumVisualStudioVersion = 10.0.40219.1
Project("{9A19103F-16F7-4668-BE54-9A1E7A4F7556}") = "PinturaImageEditor", "PinturaImageEditor\PinturaImageEditor.csproj", "{B0B77E35-6E0A-4F21-972F-575AA57AF2A9}"
EndProject
Global
	GlobalSection(SolutionConfigurationPlatforms) = preSolution
		Debug|Any CPU = Debug|Any CPU
		Release|Any CPU = Release|Any CPU
	EndGlobalSection
	GlobalSection(ProjectConfigurationPlatforms) = postSolution
		{B0B77E35-6E0A-4F21-972F-575AA57AF2A9}.Debug|Any CPU.ActiveCfg = Debug|Any CPU
		{B0B77E35-6E0A-4F21-972F-575AA57AF2A9}.Debug|Any CPU.Build.0 = Debug|Any CPU
		{B0B77E35-6E0A-4F21-972F-575AA57AF2A9}.Release|Any CPU.ActiveCfg = Release|Any CPU
		{B0B77E35-6E0A-4F21-972F-575AA57AF2A9}.Release|Any CPU.Build.0 = Release|Any CPU
	EndGlobalSection
	GlobalSection(SolutionProperties) = preSolution
		HideSolutionNode = FALSE
	EndGlobalSection
	GlobalSection(ExtensibilityGlobals) = postSolution
		SolutionGuid = {C4611DC0-A57E-4DC3-B976-2D7B6609ABBC}
	EndGlobalSection
EndGlobal
